
Microsoft Visual Studio Solution File, Format Version 12.00
# Visual Studio 15
VisualStudioVersion = 15.0.27703.2018
MinimumVisualStudioVersion = 10.0.40219.1
Project("{FAE04EC0-301F-11D3-BF4B-00C04F79EFBC}") = "Textbox", "Textbox\Textbox.csproj", "{3D39BD18-C704-478A-9E63-3566923E9E5C}"
EndProject
Global
	GlobalSection(SolutionConfigurationPlatforms) = preSolution
		Debug|Any CPU = Debug|Any CPU
		Release|Any CPU = Release|Any CPU
	EndGlobalSection
	GlobalSection(ProjectConfigurationPlatforms) = postSolution
		{3D39BD18-C704-478A-9E63-3566923E9E5C}.Debug|Any CPU.ActiveCfg = Debug|Any CPU
		{3D39BD18-C704-478A-9E63-3566923E9E5C}.Debug|Any CPU.Build.0 = Debug|Any CPU
		{3D39BD18-C704-478A-9E63-3566923E9E5C}.Release|Any CPU.ActiveCfg = Release|Any CPU
		{3D39BD18-C704-478A-9E63-3566923E9E5C}.Release|Any CPU.Build.0 = Release|Any CPU
	EndGlobalSection
	GlobalSection(SolutionProperties) = preSolution
		HideSolutionNode = FALSE
	EndGlobalSection
	GlobalSection(ExtensibilityGlobals) = postSolution
		SolutionGuid = {74389092-B2A7-4196-8436-4F65233FDB4D}
	EndGlobalSection
EndGlobal
